
Microsoft Visual Studio Solution File, Format Version 9.00
# Visual Studio 2005
Project("{D8C3906F-0DA2-A097-E5BC-8D20DFAC9464}") = "symbolline", "symbolline.vcproj", "{55F4E664-3F25-F28E-A602-6502CE23915E}"
EndProject
Global
	GlobalSection(SolutionConfigurationPlatforms) = preSolution
		Debug|x64 = Debug|x64
		Release|x64 = Release|x64
	EndGlobalSection
	GlobalSection(ProjectConfigurationPlatforms) = postSolution
		{55F4E664-3F25-F28E-A602-6502CE23915E}.Debug|x64.ActiveCfg = Debug|x64
		{55F4E664-3F25-F28E-A602-6502CE23915E}.Debug|x64.Build.0 = Debug|x64
		{55F4E664-3F25-F28E-A602-6502CE23915E}.Release|x64.ActiveCfg = Release|x64
		{55F4E664-3F25-F28E-A602-6502CE23915E}.Release|x64.Build.0 = Release|x64
	EndGlobalSection
	GlobalSection(SolutionProperties) = preSolution
		HideSolutionNode = FALSE
	EndGlobalSection
EndGlobal
