
Microsoft Visual Studio Solution File, Format Version 9.00
# Visual Studio 2005
Project("{0989CD51-81E0-2B7F-5462-FFC5A26F21BE}") = "iconpie", "iconpie.vcproj", "{A526BD05-2A52-4DC1-4DB1-EC0BD17F121B}"
EndProject
Global
	GlobalSection(SolutionConfigurationPlatforms) = preSolution
		Debug|x64 = Debug|x64
		Release|x64 = Release|x64
	EndGlobalSection
	GlobalSection(ProjectConfigurationPlatforms) = postSolution
		{A526BD05-2A52-4DC1-4DB1-EC0BD17F121B}.Debug|x64.ActiveCfg = Debug|x64
		{A526BD05-2A52-4DC1-4DB1-EC0BD17F121B}.Debug|x64.Build.0 = Debug|x64
		{A526BD05-2A52-4DC1-4DB1-EC0BD17F121B}.Release|x64.ActiveCfg = Release|x64
		{A526BD05-2A52-4DC1-4DB1-EC0BD17F121B}.Release|x64.Build.0 = Release|x64
	EndGlobalSection
	GlobalSection(SolutionProperties) = preSolution
		HideSolutionNode = FALSE
	EndGlobalSection
EndGlobal
