
Microsoft Visual Studio Solution File, Format Version 9.00
# Visual Studio 2005
Project("{035FE451-157E-17E5-6516-9C9ECEBC6EAD}") = "simplepie", "simplepie.vcproj", "{AC799F28-D00D-4428-A5A5-BB6B73F6CA2D}"
EndProject
Global
	GlobalSection(SolutionConfigurationPlatforms) = preSolution
		Debug|x64 = Debug|x64
		Release|x64 = Release|x64
	EndGlobalSection
	GlobalSection(ProjectConfigurationPlatforms) = postSolution
		{AC799F28-D00D-4428-A5A5-BB6B73F6CA2D}.Debug|x64.ActiveCfg = Debug|x64
		{AC799F28-D00D-4428-A5A5-BB6B73F6CA2D}.Debug|x64.Build.0 = Debug|x64
		{AC799F28-D00D-4428-A5A5-BB6B73F6CA2D}.Release|x64.ActiveCfg = Release|x64
		{AC799F28-D00D-4428-A5A5-BB6B73F6CA2D}.Release|x64.Build.0 = Release|x64
	EndGlobalSection
	GlobalSection(SolutionProperties) = preSolution
		HideSolutionNode = FALSE
	EndGlobalSection
EndGlobal
