
Microsoft Visual Studio Solution File, Format Version 9.00
# Visual Studio 2005
Project("{8BF0098E-FD15-0702-4085-EA27C2EC8CC6}") = "colorvlinearmeter", "colorvlinearmeter.vcproj", "{47C6D619-A2DF-DA08-A095-D911946ED380}"
EndProject
Global
	GlobalSection(SolutionConfigurationPlatforms) = preSolution
		Debug|x64 = Debug|x64
		Release|x64 = Release|x64
	EndGlobalSection
	GlobalSection(ProjectConfigurationPlatforms) = postSolution
		{47C6D619-A2DF-DA08-A095-D911946ED380}.Debug|x64.ActiveCfg = Debug|x64
		{47C6D619-A2DF-DA08-A095-D911946ED380}.Debug|x64.Build.0 = Debug|x64
		{47C6D619-A2DF-DA08-A095-D911946ED380}.Release|x64.ActiveCfg = Release|x64
		{47C6D619-A2DF-DA08-A095-D911946ED380}.Release|x64.Build.0 = Release|x64
	EndGlobalSection
	GlobalSection(SolutionProperties) = preSolution
		HideSolutionNode = FALSE
	EndGlobalSection
EndGlobal
