
Microsoft Visual Studio Solution File, Format Version 9.00
# Visual Studio 2005
Project("{C86DD62A-9A88-3A25-382E-207D7F7F21A3}") = "colorvbarmeter", "colorvbarmeter.vcproj", "{DCAA1A7C-60D2-D298-1022-1AF65026BE7E}"
EndProject
Global
	GlobalSection(SolutionConfigurationPlatforms) = preSolution
		Debug|x64 = Debug|x64
		Release|x64 = Release|x64
	EndGlobalSection
	GlobalSection(ProjectConfigurationPlatforms) = postSolution
		{DCAA1A7C-60D2-D298-1022-1AF65026BE7E}.Debug|x64.ActiveCfg = Debug|x64
		{DCAA1A7C-60D2-D298-1022-1AF65026BE7E}.Debug|x64.Build.0 = Debug|x64
		{DCAA1A7C-60D2-D298-1022-1AF65026BE7E}.Release|x64.ActiveCfg = Release|x64
		{DCAA1A7C-60D2-D298-1022-1AF65026BE7E}.Release|x64.Build.0 = Release|x64
	EndGlobalSection
	GlobalSection(SolutionProperties) = preSolution
		HideSolutionNode = FALSE
	EndGlobalSection
EndGlobal
