
Microsoft Visual Studio Solution File, Format Version 9.00
# Visual Studio 2005
Project("{CDE736C4-3130-7D67-3BD8-F67AE130B2F2}") = "floatingbox", "floatingbox.vcproj", "{EC6422D3-1A73-6803-9757-968F548F5DAE}"
EndProject
Global
	GlobalSection(SolutionConfigurationPlatforms) = preSolution
		Debug|x64 = Debug|x64
		Release|x64 = Release|x64
	EndGlobalSection
	GlobalSection(ProjectConfigurationPlatforms) = postSolution
		{EC6422D3-1A73-6803-9757-968F548F5DAE}.Debug|x64.ActiveCfg = Debug|x64
		{EC6422D3-1A73-6803-9757-968F548F5DAE}.Debug|x64.Build.0 = Debug|x64
		{EC6422D3-1A73-6803-9757-968F548F5DAE}.Release|x64.ActiveCfg = Release|x64
		{EC6422D3-1A73-6803-9757-968F548F5DAE}.Release|x64.Build.0 = Release|x64
	EndGlobalSection
	GlobalSection(SolutionProperties) = preSolution
		HideSolutionNode = FALSE
	EndGlobalSection
EndGlobal
