
Microsoft Visual Studio Solution File, Format Version 9.00
# Visual Studio 2005
Project("{E0855CDF-9043-25B2-D353-9E5DD1172919}") = "neonroundmeter", "neonroundmeter.vcproj", "{69752796-2531-F4E6-41FD-E7BAE4278772}"
EndProject
Global
	GlobalSection(SolutionConfigurationPlatforms) = preSolution
		Debug|x64 = Debug|x64
		Release|x64 = Release|x64
	EndGlobalSection
	GlobalSection(ProjectConfigurationPlatforms) = postSolution
		{69752796-2531-F4E6-41FD-E7BAE4278772}.Debug|x64.ActiveCfg = Debug|x64
		{69752796-2531-F4E6-41FD-E7BAE4278772}.Debug|x64.Build.0 = Debug|x64
		{69752796-2531-F4E6-41FD-E7BAE4278772}.Release|x64.ActiveCfg = Release|x64
		{69752796-2531-F4E6-41FD-E7BAE4278772}.Release|x64.Build.0 = Release|x64
	EndGlobalSection
	GlobalSection(SolutionProperties) = preSolution
		HideSolutionNode = FALSE
	EndGlobalSection
EndGlobal
