
Microsoft Visual Studio Solution File, Format Version 9.00
# Visual Studio 2005
Project("{06502178-F2CA-A347-622C-A8028640F1E0}") = "polarscatter", "polarscatter.vcproj", "{3890A622-5600-308A-7201-C34CF5B54962}"
EndProject
Global
	GlobalSection(SolutionConfigurationPlatforms) = preSolution
		Debug|x64 = Debug|x64
		Release|x64 = Release|x64
	EndGlobalSection
	GlobalSection(ProjectConfigurationPlatforms) = postSolution
		{3890A622-5600-308A-7201-C34CF5B54962}.Debug|x64.ActiveCfg = Debug|x64
		{3890A622-5600-308A-7201-C34CF5B54962}.Debug|x64.Build.0 = Debug|x64
		{3890A622-5600-308A-7201-C34CF5B54962}.Release|x64.ActiveCfg = Release|x64
		{3890A622-5600-308A-7201-C34CF5B54962}.Release|x64.Build.0 = Release|x64
	EndGlobalSection
	GlobalSection(SolutionProperties) = preSolution
		HideSolutionNode = FALSE
	EndGlobalSection
EndGlobal
