
Microsoft Visual Studio Solution File, Format Version 9.00
# Visual Studio 2005
Project("{0AD9ADC3-E5D3-48EC-CD93-F2A2F5244266}") = "surfaceperspective", "surfaceperspective.vcproj", "{D6F79EA3-5F8B-7BEF-DCE3-9EBDBA340027}"
EndProject
Global
	GlobalSection(SolutionConfigurationPlatforms) = preSolution
		Debug|x64 = Debug|x64
		Release|x64 = Release|x64
	EndGlobalSection
	GlobalSection(ProjectConfigurationPlatforms) = postSolution
		{D6F79EA3-5F8B-7BEF-DCE3-9EBDBA340027}.Debug|x64.ActiveCfg = Debug|x64
		{D6F79EA3-5F8B-7BEF-DCE3-9EBDBA340027}.Debug|x64.Build.0 = Debug|x64
		{D6F79EA3-5F8B-7BEF-DCE3-9EBDBA340027}.Release|x64.ActiveCfg = Release|x64
		{D6F79EA3-5F8B-7BEF-DCE3-9EBDBA340027}.Release|x64.Build.0 = Release|x64
	EndGlobalSection
	GlobalSection(SolutionProperties) = preSolution
		HideSolutionNode = FALSE
	EndGlobalSection
EndGlobal
