
Microsoft Visual Studio Solution File, Format Version 9.00
# Visual Studio 2005
Project("{6FA013E6-FAAA-E07C-7173-15C53DA363D2}") = "builtinsymbols", "builtinsymbols.vcproj", "{869B2116-6E4C-4692-DB27-18F487CB4BBD}"
EndProject
Global
	GlobalSection(SolutionConfigurationPlatforms) = preSolution
		Debug|x64 = Debug|x64
		Release|x64 = Release|x64
	EndGlobalSection
	GlobalSection(ProjectConfigurationPlatforms) = postSolution
		{869B2116-6E4C-4692-DB27-18F487CB4BBD}.Debug|x64.ActiveCfg = Debug|x64
		{869B2116-6E4C-4692-DB27-18F487CB4BBD}.Debug|x64.Build.0 = Debug|x64
		{869B2116-6E4C-4692-DB27-18F487CB4BBD}.Release|x64.ActiveCfg = Release|x64
		{869B2116-6E4C-4692-DB27-18F487CB4BBD}.Release|x64.Build.0 = Release|x64
	EndGlobalSection
	GlobalSection(SolutionProperties) = preSolution
		HideSolutionNode = FALSE
	EndGlobalSection
EndGlobal
