
Microsoft Visual Studio Solution File, Format Version 9.00
# Visual Studio 2005
Project("{2E64A863-E332-8DEE-AA80-B9022DBD3DDC}") = "threedbubble", "threedbubble.vcproj", "{1D065001-470B-8462-D763-68BB95B6F10B}"
EndProject
Global
	GlobalSection(SolutionConfigurationPlatforms) = preSolution
		Debug|x64 = Debug|x64
		Release|x64 = Release|x64
	EndGlobalSection
	GlobalSection(ProjectConfigurationPlatforms) = postSolution
		{1D065001-470B-8462-D763-68BB95B6F10B}.Debug|x64.ActiveCfg = Debug|x64
		{1D065001-470B-8462-D763-68BB95B6F10B}.Debug|x64.Build.0 = Debug|x64
		{1D065001-470B-8462-D763-68BB95B6F10B}.Release|x64.ActiveCfg = Release|x64
		{1D065001-470B-8462-D763-68BB95B6F10B}.Release|x64.Build.0 = Release|x64
	EndGlobalSection
	GlobalSection(SolutionProperties) = preSolution
		HideSolutionNode = FALSE
	EndGlobalSection
EndGlobal
