
Microsoft Visual Studio Solution File, Format Version 9.00
# Visual Studio 2005
Project("{E54179B0-13BD-A5D2-870B-39610B7FB229}") = "missingpoints", "missingpoints.vcproj", "{46AD7C40-BA56-F7D5-402D-4C7575CD528C}"
EndProject
Global
	GlobalSection(SolutionConfigurationPlatforms) = preSolution
		Debug|x64 = Debug|x64
		Release|x64 = Release|x64
	EndGlobalSection
	GlobalSection(ProjectConfigurationPlatforms) = postSolution
		{46AD7C40-BA56-F7D5-402D-4C7575CD528C}.Debug|x64.ActiveCfg = Debug|x64
		{46AD7C40-BA56-F7D5-402D-4C7575CD528C}.Debug|x64.Build.0 = Debug|x64
		{46AD7C40-BA56-F7D5-402D-4C7575CD528C}.Release|x64.ActiveCfg = Release|x64
		{46AD7C40-BA56-F7D5-402D-4C7575CD528C}.Release|x64.Build.0 = Release|x64
	EndGlobalSection
	GlobalSection(SolutionProperties) = preSolution
		HideSolutionNode = FALSE
	EndGlobalSection
EndGlobal
