
Microsoft Visual Studio Solution File, Format Version 9.00
# Visual Studio 2005
Project("{56639576-E063-708B-B053-7613D09CC94A}") = "gantt", "gantt.vcproj", "{87338E83-53B1-B612-2BE2-2195CD33B484}"
EndProject
Global
	GlobalSection(SolutionConfigurationPlatforms) = preSolution
		Debug|x64 = Debug|x64
		Release|x64 = Release|x64
	EndGlobalSection
	GlobalSection(ProjectConfigurationPlatforms) = postSolution
		{87338E83-53B1-B612-2BE2-2195CD33B484}.Debug|x64.ActiveCfg = Debug|x64
		{87338E83-53B1-B612-2BE2-2195CD33B484}.Debug|x64.Build.0 = Debug|x64
		{87338E83-53B1-B612-2BE2-2195CD33B484}.Release|x64.ActiveCfg = Release|x64
		{87338E83-53B1-B612-2BE2-2195CD33B484}.Release|x64.Build.0 = Release|x64
	EndGlobalSection
	GlobalSection(SolutionProperties) = preSolution
		HideSolutionNode = FALSE
	EndGlobalSection
EndGlobal
