
Microsoft Visual Studio Solution File, Format Version 9.00
# Visual Studio 2005
Project("{D4BD4AF1-A30B-39BF-52AF-B9A08C42BD8E}") = "surfaceaxis", "surfaceaxis.vcproj", "{B2A283DD-E0CC-CC7B-036C-E2F2F52805E7}"
EndProject
Global
	GlobalSection(SolutionConfigurationPlatforms) = preSolution
		Debug|x64 = Debug|x64
		Release|x64 = Release|x64
	EndGlobalSection
	GlobalSection(ProjectConfigurationPlatforms) = postSolution
		{B2A283DD-E0CC-CC7B-036C-E2F2F52805E7}.Debug|x64.ActiveCfg = Debug|x64
		{B2A283DD-E0CC-CC7B-036C-E2F2F52805E7}.Debug|x64.Build.0 = Debug|x64
		{B2A283DD-E0CC-CC7B-036C-E2F2F52805E7}.Release|x64.ActiveCfg = Release|x64
		{B2A283DD-E0CC-CC7B-036C-E2F2F52805E7}.Release|x64.Build.0 = Release|x64
	EndGlobalSection
	GlobalSection(SolutionProperties) = preSolution
		HideSolutionNode = FALSE
	EndGlobalSection
EndGlobal
