
Microsoft Visual Studio Solution File, Format Version 9.00
# Visual Studio 2005
Project("{A272717B-8D1C-5C97-465B-4F14A88EFD5A}") = "bubble", "bubble.vcproj", "{9A24F8FD-C4AB-9CFC-BDA1-3172AF5F2502}"
EndProject
Global
	GlobalSection(SolutionConfigurationPlatforms) = preSolution
		Debug|x64 = Debug|x64
		Release|x64 = Release|x64
	EndGlobalSection
	GlobalSection(ProjectConfigurationPlatforms) = postSolution
		{9A24F8FD-C4AB-9CFC-BDA1-3172AF5F2502}.Debug|x64.ActiveCfg = Debug|x64
		{9A24F8FD-C4AB-9CFC-BDA1-3172AF5F2502}.Debug|x64.Build.0 = Debug|x64
		{9A24F8FD-C4AB-9CFC-BDA1-3172AF5F2502}.Release|x64.ActiveCfg = Release|x64
		{9A24F8FD-C4AB-9CFC-BDA1-3172AF5F2502}.Release|x64.Build.0 = Release|x64
	EndGlobalSection
	GlobalSection(SolutionProperties) = preSolution
		HideSolutionNode = FALSE
	EndGlobalSection
EndGlobal
