
Microsoft Visual Studio Solution File, Format Version 9.00
# Visual Studio 2005
Project("{8966B3C3-B8E9-2BE6-1161-867BA6D4BFC0}") = "varwidthbar", "varwidthbar.vcproj", "{15F55855-6B63-DFED-B112-CCD717FAFCAC}"
EndProject
Global
	GlobalSection(SolutionConfigurationPlatforms) = preSolution
		Debug|x64 = Debug|x64
		Release|x64 = Release|x64
	EndGlobalSection
	GlobalSection(ProjectConfigurationPlatforms) = postSolution
		{15F55855-6B63-DFED-B112-CCD717FAFCAC}.Debug|x64.ActiveCfg = Debug|x64
		{15F55855-6B63-DFED-B112-CCD717FAFCAC}.Debug|x64.Build.0 = Debug|x64
		{15F55855-6B63-DFED-B112-CCD717FAFCAC}.Release|x64.ActiveCfg = Release|x64
		{15F55855-6B63-DFED-B112-CCD717FAFCAC}.Release|x64.Build.0 = Release|x64
	EndGlobalSection
	GlobalSection(SolutionProperties) = preSolution
		HideSolutionNode = FALSE
	EndGlobalSection
EndGlobal
