
Microsoft Visual Studio Solution File, Format Version 9.00
# Visual Studio 2005
Project("{5A1CBD07-FD70-E32C-A389-E2BB0AC484F0}") = "blackhlinearmeter", "blackhlinearmeter.vcproj", "{0783B4C4-1F60-D62A-A567-F408CBF672EB}"
EndProject
Global
	GlobalSection(SolutionConfigurationPlatforms) = preSolution
		Debug|x64 = Debug|x64
		Release|x64 = Release|x64
	EndGlobalSection
	GlobalSection(ProjectConfigurationPlatforms) = postSolution
		{0783B4C4-1F60-D62A-A567-F408CBF672EB}.Debug|x64.ActiveCfg = Debug|x64
		{0783B4C4-1F60-D62A-A567-F408CBF672EB}.Debug|x64.Build.0 = Debug|x64
		{0783B4C4-1F60-D62A-A567-F408CBF672EB}.Release|x64.ActiveCfg = Release|x64
		{0783B4C4-1F60-D62A-A567-F408CBF672EB}.Release|x64.Build.0 = Release|x64
	EndGlobalSection
	GlobalSection(SolutionProperties) = preSolution
		HideSolutionNode = FALSE
	EndGlobalSection
EndGlobal
